filippo.io/edwards25519 v1.1.0 h1:FNf4tywRC1HmFuKW5xopWpigGjJKiJSV0Cqo0cJWDaA=
filippo.io/edwards25519 v1.1.0/go.mod h1:BxyFTGdWcka3PhytdK4V28tE5sGfRvvvRV7EaN4VDT4=
github.com/fsnotify/fsnotify v1.6.0 h1:n+5WquG0fcWoWp6xPWfHdbskMCQaFnG6PfBrh1Ky4HY=
github.com/fsnotify/fsnotify v1.6.0/go.mod h1:sl3t1tCWJFWoRz9R8WJCbQihKKwmorjAbSClcnxKAGw=
github.com/go-sql-driver/mysql v1.8.1 h1:LedoTUt/eveggdHS9qUFC1EFSa8bU2+1pZjSRpvNJ1Y=
github.com/go-sql-driver/mysql v1.8.1/go.mod h1:wEBSXgmK//2ZFJyE+qWnIsVGmvmEKlqwuVSjsCm7DZg=
github.com/jackc/pgpassfile v1.0.0 h1:/6Hmqy13Ss2zCq62VdNG8tM1wchn8zjSGOBJ6icpsIM=
github.com/jackc/pgpassfile v1.0.0/go.mod h1:CEx0iS5ambNFdcRtxPj5JhEz+xB6uRky5eyVu/W2HEg=
github.com/jackc/pgservicefile v0.0.0-20221227161230-091c0ba34f0a h1:bbPeKD0xmW/Y25WS6cokEszi5g+S0QxI/d45PkRi7Nk=
github.com/jackc/pgservicefile v0.0.0-20221227161230-091c0ba34f0a/go.mod h1:5TJZWKEWniPve33vlWYSoGYefn3gLQRzjfDlhSJ9ZKM=
github.com/jackc/pgx/v5 v5.5.5 h1:amBjrZVmksIdNjxGW/IiIMzxMKZFelXbUoPNb+8sjQw=
github.com/jackc/pgx/v5 v5.5.5/go.mod h1:ez9gk+OAat140fv9ErkZDYFWmXLfV+++K0uAOiwgm1A=
github.com/jackc/puddle/v2 v2.2.1 h1:RhxXJtFG022u4ibrCSMSiu5aOq1i77R3OHKNJj77OAk=
github.com/jackc/puddle/v2 v2.2.1/go.mod h1:vriiEXHvEE654aYKXXjOvZM39qJ0q+azkZFrfEOc3H4=
github.com/lib/pq v1.10.9 h1:YXG7RB+JIjhP29X+OtkiDnYaXQwpS4JEWq7dtCCRUEw=
github.com/lib/pq v1.10.9/go.mod h1:AlVN5x4E4T544tWzH6hKfbfQvm3HdbOxrmggDNAPY9o=
github.com/mattn/go-runewidth v0.0.13 h1:lTGmDsbAYt5DmK6OnoV7EuIF1wEIFAcxld6ypU4OSgU=
github.com/mattn/go-runewidth v0.0.13/go.mod h1:Jdepj2loyihRzMpdS35Xk/zdY8IAYHsh153qUoGf23w=
github.com/mattn/go-sqlite3 v1.14.22 h1:2gZY6PC6kBnID23Tichd1K+Z0oS6nE/XwU+Vz/5o4kU=
github.com/mattn/go-sqlite3 v1.14.22/go.mod h1:Uh1q+B4BYcTPb+yiD3kU8Ct7aC0hY9fxUwlHK0RXw+Y=
github.com/monoculum/formam/v3 v3.6.1-0.20221106124510-6a93f49ac1f8 h1:U84aMvgwMFHrzGw/QOy1TNxYdY5k1xIW8sQxzHRS/h8=
github.com/monoculum/formam/v3 v3.6.1-0.20221106124510-6a93f49ac1f8/go.mod h1:kWmkNHidfOgIjrLj2pLt+Yq9qL5MGXSl6mpKY30QV/o=
github.com/rivo/uniseg v0.2.0 h1:S1pD9weZBuJdFmowNwbpi7BJ8TNftyUImj/0WQi72jY=
github.com/rivo/uniseg v0.2.0/go.mod h1:J6wj4VEh+S6ZtnVlnTBMWIodfgj8LQOQFoIToxlJtxc=
github.com/teamwork/reload v1.4.2 h1:e3U0xXFmhzOSgWNBuyOMOvKS2Q34YNo5bp9Z1uOujYE=
github.com/teamwork/reload v1.4.2/go.mod h1:tGCBzttv2CSfSjBTRlIdnQ4kopxrCXPGCTXeOO61SWg=
golang.org/x/crypto v0.17.0 h1:r8bRNjWL3GshPW3gkd+RpvzWrZAwPS49OmTGZ/uhM4k=
golang.org/x/crypto v0.17.0/go.mod h1:gCAAfMLgwOJRpTjQ2zCCt2OcSfYMTeZVSRtQlPC7Nq4=
golang.org/x/sync v0.1.0 h1:wsuoTGHzEhffawBOhz5CYhcrV4IdKZbEyZjBMuTp12o=
golang.org/x/sync v0.1.0/go.mod h1:RxMgew5VJxzue5/jJTE5uejpjVlOe/izrB70Jof72aM=
golang.org/x/sys v0.0.0-20210615035016-665e8c7367d1/go.mod h1:oPkhp1MJrh7nUepCBck5+mAzfO9JrbApNNgaTdGDITg=
golang.org/x/sys v0.0.0-20220908164124-27713097b956 h1:XeJjHH1KiLpKGb6lvMiksZ9l0fVUh+AmGcm0nOMEBOY=
golang.org/x/sys v0.0.0-20220908164124-27713097b956/go.mod h1:oPkhp1MJrh7nUepCBck5+mAzfO9JrbApNNgaTdGDITg=
golang.org/x/term v0.0.0-20220411215600-e5f449aeb171 h1:EH1Deb8WZJ0xc0WK//leUHXcX9aLE5SymusoTmMZye8=
golang.org/x/term v0.0.0-20220411215600-e5f449aeb171/go.mod h1:jbD1KX2456YbFQfuXm/mYQcufACuNUgVhRMnK/tPxf8=
golang.org/x/text v0.14.0 h1:ScX5w1eTa3QqT8oi6+ziP7dTV1S2+ALU0bI+0zXKWiQ=
golang.org/x/text v0.14.0/go.mod h1:18ZOQIKpY8NJVqYksKHtTdi31H5itFRjB5/qKTNYzSU=
zgo.at/acidtab v1.0.0 h1:KtXvxtY0uXKNQW1dz113e++5XodEs5HEqIO9AJDT7Nk=
zgo.at/acidtab v1.0.0/go.mod h1:dOHM1/D5cRCsskzFmyniTDVZjuwnqFdAcvRiT3RTvY0=
zgo.at/errors v1.2.0 h1:KkCvBeE9wE33W0WsDZMjWJJUmv5w92duyJFKDVPoMr8=
zgo.at/errors v1.2.0/go.mod h1:POfgvh1LafF2NZJk6buGYCIhcHWuR/miB3nndyf3ozs=
zgo.at/guru v1.1.0 h1:hvMLOzPnv7XApwJZgxvFxBA8wb6RGPUw9lz8kmq450g=
zgo.at/guru v1.1.0/go.mod h1:eltnfk6QwmM7ic3OLzmGMjEChP2iLuYXERyliREiA00=
zgo.at/json v0.0.0-20221020004326-fe4f75bb278e h1:rEyfeeAnUDOYdH9PVHe5EZ8seo1V1UdbIAMmusS1LjQ=
zgo.at/json v0.0.0-20221020004326-fe4f75bb278e/go.mod h1:yvrHxciuKpi1XgJoCIfg/EDybcgkcXvjV2tCVp8O2ks=
zgo.at/termtext v0.0.0-20211017203350-a2beb4680d76 h1:wtVcK6+gL89eKttehQH42wIYMdObqYB3RttGdQtCwPI=
zgo.at/termtext v0.0.0-20211017203350-a2beb4680d76/go.mod h1:P0jvULwo8z82ad7+WR6vg5vTy86dqvbOmR3bT3NlYvc=
zgo.at/zcache/v2 v2.1.0 h1:USo+ubK+R4vtjw4viGzTe/zjXyPw6R7SK/RL3epBBxs=
zgo.at/zcache/v2 v2.1.0/go.mod h1:gyCeoLVo01QjDZynjime8xUGHHMbsLiPyUTBpDGd4Gk=
zgo.at/zdb v0.0.0-20240329024059-bf49d3312618 h1:ImEkzTm25Aj+o5fTrzkEpuX/s3XeoHhDSxfAdbHOLMc=
zgo.at/zdb v0.0.0-20240329024059-bf49d3312618/go.mod h1:eTcDeM3pbjtJPXbqFoBZRMnV5iEC+3mrpivmitN9JaM=
zgo.at/zhttp v0.0.0-20240323065918-2e72ad661026 h1:6uwjOrmdmH8T0wND9frEmv1SvzCAcljtgXzKQOEuIZI=
zgo.at/zhttp v0.0.0-20240323065918-2e72ad661026/go.mod h1:DKf/BD5/TgWlwFRp7ruQGqJXywkt057z+srFCpomxWc=
zgo.at/zli v0.0.0-20230524003221-1db1ccaf5481 h1:u2hzddCZpJkjniA2mTzTp/MrB8KEhr3Xzz4hy4ne9HA=
zgo.at/zli v0.0.0-20230524003221-1db1ccaf5481/go.mod h1:6nYv5thziHp9CMVzGbQV4qeA9hMJSj7uJ8WLgD4BtVs=
zgo.at/zlog v0.0.0-20201213081304-1dc74ce06e5f h1:ySpTSREDks0yr4Hu/52uelg+KFkYLP4Hf4tOB0po27g=
zgo.at/zlog v0.0.0-20201213081304-1dc74ce06e5f/go.mod h1:YkLAQZjLsp1RqWHn8SJokHzXyYU+6FZjM4GNY64IKME=
zgo.at/zstd v0.0.0-20240329024239-70792c70046d h1:J2Bn72cbQeexZgbbg2SvWyIE7v/5KwsODxWbRuSxSe4=
zgo.at/zstd v0.0.0-20240329024239-70792c70046d/go.mod h1:o/Q8+EtSahHnfkbB3t8wXE0FnoDTmJ0sBDlzezv9XeM=
zgo.at/ztpl v0.0.0-20230614191641-fc02754e9558 h1:rkwRxQLhUrtiu2u0qLjCU9letOWs2++T+NhIjla7eKE=
zgo.at/ztpl v0.0.0-20230614191641-fc02754e9558/go.mod h1:Y5imtiGWXOVf6nUxKlqE+uMobmqrDZxYqI6Uzw2aT9s=
